
Microsoft Visual Studio Solution File, Format Version 12.00
# Visual Studio Version 17
VisualStudioVersion = 17.0.31903.59
MinimumVisualStudioVersion = 10.0.40219.1
Project("{9A19103F-16F7-4668-BE54-9A1E7A4F7556}") = "BNetAPI.Core", "BNetAPI.Core\BNetAPI.Core.csproj", "{808A7F92-D1AA-44D0-99E5-1AE093FB38EE}"
EndProject
Project("{FAE04EC0-301F-11D3-BF4B-00C04F79EFBC}") = "BNetAPI.Guilds", "BNetAPI.Guilds\BNetAPI.Guilds.csproj", "{80684066-F267-4FFB-92BA-57163FB5E683}"
EndProject
Global
	GlobalSection(SolutionConfigurationPlatforms) = preSolution
		Debug|Any CPU = Debug|Any CPU
		Release|Any CPU = Release|Any CPU
	EndGlobalSection
	GlobalSection(ProjectConfigurationPlatforms) = postSolution
		{808A7F92-D1AA-44D0-99E5-1AE093FB38EE}.Debug|Any CPU.ActiveCfg = Debug|Any CPU
		{808A7F92-D1AA-44D0-99E5-1AE093FB38EE}.Debug|Any CPU.Build.0 = Debug|Any CPU
		{808A7F92-D1AA-44D0-99E5-1AE093FB38EE}.Release|Any CPU.ActiveCfg = Release|Any CPU
		{808A7F92-D1AA-44D0-99E5-1AE093FB38EE}.Release|Any CPU.Build.0 = Release|Any CPU
		{80684066-F267-4FFB-92BA-57163FB5E683}.Debug|Any CPU.ActiveCfg = Debug|Any CPU
		{80684066-F267-4FFB-92BA-57163FB5E683}.Debug|Any CPU.Build.0 = Debug|Any CPU
		{80684066-F267-4FFB-92BA-57163FB5E683}.Release|Any CPU.ActiveCfg = Release|Any CPU
		{80684066-F267-4FFB-92BA-57163FB5E683}.Release|Any CPU.Build.0 = Release|Any CPU
	EndGlobalSection
	GlobalSection(SolutionProperties) = preSolution
		HideSolutionNode = FALSE
	EndGlobalSection
	GlobalSection(ExtensibilityGlobals) = postSolution
		SolutionGuid = {C2C6CCA4-553E-4D19-9178-2DDA3291F251}
	EndGlobalSection
EndGlobal
